// !$*UTF8*$!
{
	archiveVersion = 1;
	classes = {
	};
	objectVersion = 48;
	objects = {

/* Begin PBXBuildFile section */
		496B2CD61F8B6F690007A1BA /* ZTNode.m in Sources */ = {isa = PBXBuildFile; fileRef = 496B2CD51F8B6F690007A1BA /* ZTNode.m */; };
		496B2CD91F8B6F880007A1BA /* ZTList.m in Sources */ = {isa = PBXBuildFile; fileRef = 496B2CD81F8B6F880007A1BA /* ZTList.m */; };
		496B2CE51F8E14350007A1BA /* LinkListC.mm in Sources */ = {isa = PBXBuildFile; fileRef = 496B2CE41F8E14350007A1BA /* LinkListC.mm */; };
		499CEEFB1F7A2884005F5061 /* AppDelegate.m in Sources */ = {isa = PBXBuildFile; fileRef = 499CEEFA1F7A2884005F5061 /* AppDelegate.m */; };
		499CEEFE1F7A2884005F5061 /* ViewController.m in Sources */ = {isa = PBXBuildFile; fileRef = 499CEEFD1F7A2884005F5061 /* ViewController.m */; };
		499CEF011F7A2884005F5061 /* Main.storyboard in Resources */ = {isa = PBXBuildFile; fileRef = 499CEEFF1F7A2884005F5061 /* Main.storyboard */; };
		499CEF031F7A2884005F5061 /* Assets.xcassets in Resources */ = {isa = PBXBuildFile; fileRef = 499CEF021F7A2884005F5061 /* Assets.xcassets */; };
		499CEF061F7A2884005F5061 /* LaunchScreen.storyboard in Resources */ = {isa = PBXBuildFile; fileRef = 499CEF041F7A2884005F5061 /* LaunchScreen.storyboard */; };
		499CEF091F7A2884005F5061 /* main.m in Sources */ = {isa = PBXBuildFile; fileRef = 499CEF081F7A2884005F5061 /* main.m */; };
		499CEF111F7A289D005F5061 /* ZTNotificationCenter.m in Sources */ = {isa = PBXBuildFile; fileRef = 499CEF101F7A289D005F5061 /* ZTNotificationCenter.m */; };
		499CEF141F7A3093005F5061 /* ZTNotification.m in Sources */ = {isa = PBXBuildFile; fileRef = 499CEF131F7A3093005F5061 /* ZTNotification.m */; };
		499CEF171F7A3D94005F5061 /* SecondViewController.m in Sources */ = {isa = PBXBuildFile; fileRef = 499CEF161F7A3D94005F5061 /* SecondViewController.m */; };
		499CEF1A1F7A3F81005F5061 /* ThirdViewController.m in Sources */ = {isa = PBXBuildFile; fileRef = 499CEF191F7A3F81005F5061 /* ThirdViewController.m */; };
		499CEF1D1F7A4DD8005F5061 /* ZTNavigationController.m in Sources */ = {isa = PBXBuildFile; fileRef = 499CEF1C1F7A4DD8005F5061 /* ZTNavigationController.m */; };
/* End PBXBuildFile section */

/* Begin PBXFileReference section */
		496B2CD41F8B6F690007A1BA /* ZTNode.h */ = {isa = PBXFileReference; lastKnownFileType = sourcecode.c.h; path = ZTNode.h; sourceTree = "<group>"; };
		496B2CD51F8B6F690007A1BA /* ZTNode.m */ = {isa = PBXFileReference; lastKnownFileType = sourcecode.c.objc; path = ZTNode.m; sourceTree = "<group>"; };
		496B2CD71F8B6F880007A1BA /* ZTList.h */ = {isa = PBXFileReference; lastKnownFileType = sourcecode.c.h; path = ZTList.h; sourceTree = "<group>"; };
		496B2CD81F8B6F880007A1BA /* ZTList.m */ = {isa = PBXFileReference; lastKnownFileType = sourcecode.c.objc; path = ZTList.m; sourceTree = "<group>"; };
		496B2CE31F8E14350007A1BA /* LinkListC.h */ = {isa = PBXFileReference; lastKnownFileType = sourcecode.c.h; path = LinkListC.h; sourceTree = "<group>"; };
		496B2CE41F8E14350007A1BA /* LinkListC.mm */ = {isa = PBXFileReference; lastKnownFileType = sourcecode.cpp.objcpp; path = LinkListC.mm; sourceTree = "<group>"; };
		499CEEF61F7A2884005F5061 /* ZTNotificationCenter.app */ = {isa = PBXFileReference; explicitFileType = wrapper.application; includeInIndex = 0; path = ZTNotificationCenter.app; sourceTree = BUILT_PRODUCTS_DIR; };
		499CEEF91F7A2884005F5061 /* AppDelegate.h */ = {isa = PBXFileReference; lastKnownFileType = sourcecode.c.h; path = AppDelegate.h; sourceTree = "<group>"; };
		499CEEFA1F7A2884005F5061 /* AppDelegate.m */ = {isa = PBXFileReference; lastKnownFileType = sourcecode.c.objc; path = AppDelegate.m; sourceTree = "<group>"; };
		499CEEFC1F7A2884005F5061 /* ViewController.h */ = {isa = PBXFileReference; lastKnownFileType = sourcecode.c.h; path = ViewController.h; sourceTree = "<group>"; };
		499CEEFD1F7A2884005F5061 /* ViewController.m */ = {isa = PBXFileReference; lastKnownFileType = sourcecode.c.objc; path = ViewController.m; sourceTree = "<group>"; };
		499CEF001F7A2884005F5061 /* Base */ = {isa = PBXFileReference; lastKnownFileType = file.storyboard; name = Base; path = Base.lproj/Main.storyboard; sourceTree = "<group>"; };
		499CEF021F7A2884005F5061 /* Assets.xcassets */ = {isa = PBXFileReference; lastKnownFileType = folder.assetcatalog; path = Assets.xcassets; sourceTree = "<group>"; };
		499CEF051F7A2884005F5061 /* Base */ = {isa = PBXFileReference; lastKnownFileType = file.storyboard; name = Base; path = Base.lproj/LaunchScreen.storyboard; sourceTree = "<group>"; };
		499CEF071F7A2884005F5061 /* Info.plist */ = {isa = PBXFileReference; lastKnownFileType = text.plist.xml; path = Info.plist; sourceTree = "<group>"; };
		499CEF081F7A2884005F5061 /* main.m */ = {isa = PBXFileReference; lastKnownFileType = sourcecode.c.objc; path = main.m; sourceTree = "<group>"; };
		499CEF0F1F7A289D005F5061 /* ZTNotificationCenter.h */ = {isa = PBXFileReference; lastKnownFileType = sourcecode.c.h; path = ZTNotificationCenter.h; sourceTree = "<group>"; };
		499CEF101F7A289D005F5061 /* ZTNotificationCenter.m */ = {isa = PBXFileReference; lastKnownFileType = sourcecode.c.objc; path = ZTNotificationCenter.m; sourceTree = "<group>"; };
		499CEF121F7A3093005F5061 /* ZTNotification.h */ = {isa = PBXFileReference; lastKnownFileType = sourcecode.c.h; path = ZTNotification.h; sourceTree = "<group>"; };
		499CEF131F7A3093005F5061 /* ZTNotification.m */ = {isa = PBXFileReference; lastKnownFileType = sourcecode.c.objc; path = ZTNotification.m; sourceTree = "<group>"; };
		499CEF151F7A3D94005F5061 /* SecondViewController.h */ = {isa = PBXFileReference; lastKnownFileType = sourcecode.c.h; path = SecondViewController.h; sourceTree = "<group>"; };
		499CEF161F7A3D94005F5061 /* SecondViewController.m */ = {isa = PBXFileReference; lastKnownFileType = sourcecode.c.objc; path = SecondViewController.m; sourceTree = "<group>"; };
		499CEF181F7A3F81005F5061 /* ThirdViewController.h */ = {isa = PBXFileReference; lastKnownFileType = sourcecode.c.h; path = ThirdViewController.h; sourceTree = "<group>"; };
		499CEF191F7A3F81005F5061 /* ThirdViewController.m */ = {isa = PBXFileReference; lastKnownFileType = sourcecode.c.objc; path = ThirdViewController.m; sourceTree = "<group>"; };
		499CEF1B1F7A4DD8005F5061 /* ZTNavigationController.h */ = {isa = PBXFileReference; lastKnownFileType = sourcecode.c.h; path = ZTNavigationController.h; sourceTree = "<group>"; };
		499CEF1C1F7A4DD8005F5061 /* ZTNavigationController.m */ = {isa = PBXFileReference; lastKnownFileType = sourcecode.c.objc; path = ZTNavigationController.m; sourceTree = "<group>"; };
/* End PBXFileReference section */

/* Begin PBXFrameworksBuildPhase section */
		499CEEF31F7A2884005F5061 /* Frameworks */ = {
			isa = PBXFrameworksBuildPhase;
			buildActionMask = 2147483647;
			files = (
			);
			runOnlyForDeploymentPostprocessing = 0;
		};
/* End PBXFrameworksBuildPhase section */

/* Begin PBXGroup section */
		499CEEED1F7A2884005F5061 = {
			isa = PBXGroup;
			children = (
				499CEEF81F7A2884005F5061 /* ZTNotificationCenter */,
				499CEEF71F7A2884005F5061 /* Products */,
			);
			sourceTree = "<group>";
		};
		499CEEF71F7A2884005F5061 /* Products */ = {
			isa = PBXGroup;
			children = (
				499CEEF61F7A2884005F5061 /* ZTNotificationCenter.app */,
			);
			name = Products;
			sourceTree = "<group>";
		};
		499CEEF81F7A2884005F5061 /* ZTNotificationCenter */ = {
			isa = PBXGroup;
			children = (
				496B2CD41F8B6F690007A1BA /* ZTNode.h */,
				496B2CD51F8B6F690007A1BA /* ZTNode.m */,
				496B2CD71F8B6F880007A1BA /* ZTList.h */,
				496B2CD81F8B6F880007A1BA /* ZTList.m */,
				496B2CE31F8E14350007A1BA /* LinkListC.h */,
				496B2CE41F8E14350007A1BA /* LinkListC.mm */,
				499CEF121F7A3093005F5061 /* ZTNotification.h */,
				499CEF131F7A3093005F5061 /* ZTNotification.m */,
				499CEF0F1F7A289D005F5061 /* ZTNotificationCenter.h */,
				499CEF101F7A289D005F5061 /* ZTNotificationCenter.m */,
				499CEEF91F7A2884005F5061 /* AppDelegate.h */,
				499CEEFA1F7A2884005F5061 /* AppDelegate.m */,
				499CEEFC1F7A2884005F5061 /* ViewController.h */,
				499CEEFD1F7A2884005F5061 /* ViewController.m */,
				499CEF151F7A3D94005F5061 /* SecondViewController.h */,
				499CEF161F7A3D94005F5061 /* SecondViewController.m */,
				499CEF181F7A3F81005F5061 /* ThirdViewController.h */,
				499CEF191F7A3F81005F5061 /* ThirdViewController.m */,
				499CEF1B1F7A4DD8005F5061 /* ZTNavigationController.h */,
				499CEF1C1F7A4DD8005F5061 /* ZTNavigationController.m */,
				499CEEFF1F7A2884005F5061 /* Main.storyboard */,
				499CEF021F7A2884005F5061 /* Assets.xcassets */,
				499CEF041F7A2884005F5061 /* LaunchScreen.storyboard */,
				499CEF071F7A2884005F5061 /* Info.plist */,
				499CEF081F7A2884005F5061 /* main.m */,
			);
			path = ZTNotificationCenter;
			sourceTree = "<group>";
		};
/* End PBXGroup section */

/* Begin PBXNativeTarget section */
		499CEEF51F7A2884005F5061 /* ZTNotificationCenter */ = {
			isa = PBXNativeTarget;
			buildConfigurationList = 499CEF0C1F7A2884005F5061 /* Build configuration list for PBXNativeTarget "ZTNotificationCenter" */;
			buildPhases = (
				499CEEF21F7A2884005F5061 /* Sources */,
				499CEEF31F7A2884005F5061 /* Frameworks */,
				499CEEF41F7A2884005F5061 /* Resources */,
			);
			buildRules = (
			);
			dependencies = (
			);
			name = ZTNotificationCenter;
			productName = ZTNotificationCenter;
			productReference = 499CEEF61F7A2884005F5061 /* ZTNotificationCenter.app */;
			productType = "com.apple.product-type.application";
		};
/* End PBXNativeTarget section */

/* Begin PBXProject section */
		499CEEEE1F7A2884005F5061 /* Project object */ = {
			isa = PBXProject;
			attributes = {
				LastUpgradeCheck = 0900;
				ORGANIZATIONNAME = apple;
				TargetAttributes = {
					499CEEF51F7A2884005F5061 = {
						CreatedOnToolsVersion = 9.0;
						ProvisioningStyle = Automatic;
					};
				};
			};
			buildConfigurationList = 499CEEF11F7A2884005F5061 /* Build configuration list for PBXProject "ZTNotificationCenter" */;
			compatibilityVersion = "Xcode 8.0";
			developmentRegion = en;
			hasScannedForEncodings = 0;
			knownRegions = (
				en,
				Base,
			);
			mainGroup = 499CEEED1F7A2884005F5061;
			productRefGroup = 499CEEF71F7A2884005F5061 /* Products */;
			projectDirPath = "";
			projectRoot = "";
			targets = (
				499CEEF51F7A2884005F5061 /* ZTNotificationCenter */,
			);
		};
/* End PBXProject section */

/* Begin PBXResourcesBuildPhase section */
		499CEEF41F7A2884005F5061 /* Resources */ = {
			isa = PBXResourcesBuildPhase;
			buildActionMask = 2147483647;
			files = (
				499CEF061F7A2884005F5061 /* LaunchScreen.storyboard in Resources */,
				499CEF031F7A2884005F5061 /* Assets.xcassets in Resources */,
				499CEF011F7A2884005F5061 /* Main.storyboard in Resources */,
			);
			runOnlyForDeploymentPostprocessing = 0;
		};
/* End PBXResourcesBuildPhase section */

/* Begin PBXSourcesBuildPhase section */
		499CEEF21F7A2884005F5061 /* Sources */ = {
			isa = PBXSourcesBuildPhase;
			buildActionMask = 2147483647;
			files = (
				499CEF171F7A3D94005F5061 /* SecondViewController.m in Sources */,
				499CEEFE1F7A2884005F5061 /* ViewController.m in Sources */,
				499CEF091F7A2884005F5061 /* main.m in Sources */,
				496B2CE51F8E14350007A1BA /* LinkListC.mm in Sources */,
				499CEEFB1F7A2884005F5061 /* AppDelegate.m in Sources */,
				499CEF111F7A289D005F5061 /* ZTNotificationCenter.m in Sources */,
				499CEF1D1F7A4DD8005F5061 /* ZTNavigationController.m in Sources */,
				499CEF141F7A3093005F5061 /* ZTNotification.m in Sources */,
				496B2CD61F8B6F690007A1BA /* ZTNode.m in Sources */,
				499CEF1A1F7A3F81005F5061 /* ThirdViewController.m in Sources */,
				496B2CD91F8B6F880007A1BA /* ZTList.m in Sources */,
			);
			runOnlyForDeploymentPostprocessing = 0;
		};
/* End PBXSourcesBuildPhase section */

/* Begin PBXVariantGroup section */
		499CEEFF1F7A2884005F5061 /* Main.storyboard */ = {
			isa = PBXVariantGroup;
			children = (
				499CEF001F7A2884005F5061 /* Base */,
			);
			name = Main.storyboard;
			sourceTree = "<group>";
		};
		499CEF041F7A2884005F5061 /* LaunchScreen.storyboard */ = {
			isa = PBXVariantGroup;
			children = (
				499CEF051F7A2884005F5061 /* Base */,
			);
			name = LaunchScreen.storyboard;
			sourceTree = "<group>";
		};
/* End PBXVariantGroup section */

/* Begin XCBuildConfiguration section */
		499CEF0A1F7A2884005F5061 /* Debug */ = {
			isa = XCBuildConfiguration;
			buildSettings = {
				ALWAYS_SEARCH_USER_PATHS = NO;
				CLANG_ANALYZER_NONNULL = YES;
				CLANG_ANALYZER_NUMBER_OBJECT_CONVERSION = YES_AGGRESSIVE;
				CLANG_CXX_LANGUAGE_STANDARD = "gnu++14";
				CLANG_CXX_LIBRARY = "libc++";
				CLANG_ENABLE_MODULES = YES;
				CLANG_ENABLE_OBJC_ARC = YES;
				CLANG_WARN_BLOCK_CAPTURE_AUTORELEASING = YES;
				CLANG_WARN_BOOL_CONVERSION = YES;
				CLANG_WARN_COMMA = YES;
				CLANG_WARN_CONSTANT_CONVERSION = YES;
				CLANG_WARN_DIRECT_OBJC_ISA_USAGE = YES_ERROR;
				CLANG_WARN_DOCUMENTATION_COMMENTS = YES;
				CLANG_WARN_EMPTY_BODY = YES;
				CLANG_WARN_ENUM_CONVERSION = YES;
				CLANG_WARN_INFINITE_RECURSION = YES;
				CLANG_WARN_INT_CONVERSION = YES;
				CLANG_WARN_NON_LITERAL_NULL_CONVERSION = YES;
				CLANG_WARN_OBJC_LITERAL_CONVERSION = YES;
				CLANG_WARN_OBJC_ROOT_CLASS = YES_ERROR;
				CLANG_WARN_RANGE_LOOP_ANALYSIS = YES;
				CLANG_WARN_STRICT_PROTOTYPES = YES;
				CLANG_WARN_SUSPICIOUS_MOVE = YES;
				CLANG_WARN_UNGUARDED_AVAILABILITY = YES_AGGRESSIVE;
				CLANG_WARN_UNREACHABLE_CODE = YES;
				CLANG_WARN__DUPLICATE_METHOD_MATCH = YES;
				CODE_SIGN_IDENTITY = "iPhone Developer";
				COPY_PHASE_STRIP = NO;
				DEBUG_INFORMATION_FORMAT = dwarf;
				ENABLE_STRICT_OBJC_MSGSEND = YES;
				ENABLE_TESTABILITY = YES;
				GCC_C_LANGUAGE_STANDARD = gnu11;
				GCC_DYNAMIC_NO_PIC = NO;
				GCC_NO_COMMON_BLOCKS = YES;
				GCC_OPTIMIZATION_LEVEL = 0;
				GCC_PREPROCESSOR_DEFINITIONS = (
					"DEBUG=1",
					"$(inherited)",
				);
				GCC_WARN_64_TO_32_BIT_CONVERSION = YES;
				GCC_WARN_ABOUT_RETURN_TYPE = YES_ERROR;
				GCC_WARN_UNDECLARED_SELECTOR = YES;
				GCC_WARN_UNINITIALIZED_AUTOS = YES_AGGRESSIVE;
				GCC_WARN_UNUSED_FUNCTION = YES;
				GCC_WARN_UNUSED_VARIABLE = YES;
				IPHONEOS_DEPLOYMENT_TARGET = 11.0;
				MTL_ENABLE_DEBUG_INFO = YES;
				ONLY_ACTIVE_ARCH = YES;
				SDKROOT = iphoneos;
			};
			name = Debug;
		};
		499CEF0B1F7A2884005F5061 /* Release */ = {
			isa = XCBuildConfiguration;
			buildSettings = {
				ALWAYS_SEARCH_USER_PATHS = NO;
				CLANG_ANALYZER_NONNULL = YES;
				CLANG_ANALYZER_NUMBER_OBJECT_CONVERSION = YES_AGGRESSIVE;
				CLANG_CXX_LANGUAGE_STANDARD = "gnu++14";
				CLANG_CXX_LIBRARY = "libc++";
				CLANG_ENABLE_MODULES = YES;
				CLANG_ENABLE_OBJC_ARC = YES;
				CLANG_WARN_BLOCK_CAPTURE_AUTORELEASING = YES;
				CLANG_WARN_BOOL_CONVERSION = YES;
				CLANG_WARN_COMMA = YES;
				CLANG_WARN_CONSTANT_CONVERSION = YES;
				CLANG_WARN_DIRECT_OBJC_ISA_USAGE = YES_ERROR;
				CLANG_WARN_DOCUMENTATION_COMMENTS = YES;
				CLANG_WARN_EMPTY_BODY = YES;
				CLANG_WARN_ENUM_CONVERSION = YES;
				CLANG_WARN_INFINITE_RECURSION = YES;
				CLANG_WARN_INT_CONVERSION = YES;
				CLANG_WARN_NON_LITERAL_NULL_CONVERSION = YES;
				CLANG_WARN_OBJC_LITERAL_CONVERSION = YES;
				CLANG_WARN_OBJC_ROOT_CLASS = YES_ERROR;
				CLANG_WARN_RANGE_LOOP_ANALYSIS = YES;
				CLANG_WARN_STRICT_PROTOTYPES = YES;
				CLANG_WARN_SUSPICIOUS_MOVE = YES;
				CLANG_WARN_UNGUARDED_AVAILABILITY = YES_AGGRESSIVE;
				CLANG_WARN_UNREACHABLE_CODE = YES;
				CLANG_WARN__DUPLICATE_METHOD_MATCH = YES;
				CODE_SIGN_IDENTITY = "iPhone Developer";
				COPY_PHASE_STRIP = NO;
				DEBUG_INFORMATION_FORMAT = "dwarf-with-dsym";
				ENABLE_NS_ASSERTIONS = NO;
				ENABLE_STRICT_OBJC_MSGSEND = YES;
				GCC_C_LANGUAGE_STANDARD = gnu11;
				GCC_NO_COMMON_BLOCKS = YES;
				GCC_WARN_64_TO_32_BIT_CONVERSION = YES;
				GCC_WARN_ABOUT_RETURN_TYPE = YES_ERROR;
				GCC_WARN_UNDECLARED_SELECTOR = YES;
				GCC_WARN_UNINITIALIZED_AUTOS = YES_AGGRESSIVE;
				GCC_WARN_UNUSED_FUNCTION = YES;
				GCC_WARN_UNUSED_VARIABLE = YES;
				IPHONEOS_DEPLOYMENT_TARGET = 11.0;
				MTL_ENABLE_DEBUG_INFO = NO;
				SDKROOT = iphoneos;
				VALIDATE_PRODUCT = YES;
			};
			name = Release;
		};
		499CEF0D1F7A2884005F5061 /* Debug */ = {
			isa = XCBuildConfiguration;
			buildSettings = {
				ASSETCATALOG_COMPILER_APPICON_NAME = AppIcon;
				"CODE_SIGN_IDENTITY[sdk=iphoneos*]" = "iPhone Developer";
				CODE_SIGN_STYLE = Automatic;
				DEVELOPMENT_TEAM = "";
				INFOPLIST_FILE = ZTNotificationCenter/Info.plist;
				LD_RUNPATH_SEARCH_PATHS = "$(inherited) @executable_path/Frameworks";
				PRODUCT_BUNDLE_IDENTIFIER = cn.itzt.ZTNotificationCenter;
				PRODUCT_NAME = "$(TARGET_NAME)";
				PROVISIONING_PROFILE = "";
				PROVISIONING_PROFILE_SPECIFIER = "";
				TARGETED_DEVICE_FAMILY = "1,2";
			};
			name = Debug;
		};
		499CEF0E1F7A2884005F5061 /* Release */ = {
			isa = XCBuildConfiguration;
			buildSettings = {
				ASSETCATALOG_COMPILER_APPICON_NAME = AppIcon;
				"CODE_SIGN_IDENTITY[sdk=iphoneos*]" = "iPhone Developer";
				CODE_SIGN_STYLE = Automatic;
				DEVELOPMENT_TEAM = "";
				INFOPLIST_FILE = ZTNotificationCenter/Info.plist;
				LD_RUNPATH_SEARCH_PATHS = "$(inherited) @executable_path/Frameworks";
				PRODUCT_BUNDLE_IDENTIFIER = cn.itzt.ZTNotificationCenter;
				PRODUCT_NAME = "$(TARGET_NAME)";
				PROVISIONING_PROFILE_SPECIFIER = "";
				TARGETED_DEVICE_FAMILY = "1,2";
			};
			name = Release;
		};
/* End XCBuildConfiguration section */

/* Begin XCConfigurationList section */
		499CEEF11F7A2884005F5061 /* Build configuration list for PBXProject "ZTNotificationCenter" */ = {
			isa = XCConfigurationList;
			buildConfigurations = (
				499CEF0A1F7A2884005F5061 /* Debug */,
				499CEF0B1F7A2884005F5061 /* Release */,
			);
			defaultConfigurationIsVisible = 0;
			defaultConfigurationName = Release;
		};
		499CEF0C1F7A2884005F5061 /* Build configuration list for PBXNativeTarget "ZTNotificationCenter" */ = {
			isa = XCConfigurationList;
			buildConfigurations = (
				499CEF0D1F7A2884005F5061 /* Debug */,
				499CEF0E1F7A2884005F5061 /* Release */,
			);
			defaultConfigurationIsVisible = 0;
			defaultConfigurationName = Release;
		};
/* End XCConfigurationList section */
	};
	rootObject = 499CEEEE1F7A2884005F5061 /* Project object */;
}
